Microsoft Visual Studio Solution File, Format Version 12.00
# Visual Studio Version 17
VisualStudioVersion = 17.5.2.0
MinimumVisualStudioVersion = 10.0.40219.1
Project("{FAE04EC0-301F-11D3-BF4B-00C04F79EFBC}") = "SmartLibrary.Tests", "SmartLibrary.Tests\SmartLibrary.Tests.csproj", "{7DFE9573-3A6E-2B39-F944-9FD97E4ADCB0}"
EndProject
Project("{FAE04EC0-301F-11D3-BF4B-00C04F79EFBC}") = "SmartLibrary", "SmartLibrary\SmartLibrary.csproj", "{8CDE6969-49F7-890F-A8A1-369A966CBBED}"
EndProject
Global
	GlobalSection(SolutionConfigurationPlatforms) = preSolution
		Debug|Any CPU = Debug|Any CPU
		Release|Any CPU = Release|Any CPU
	EndGlobalSection
	GlobalSection(ProjectConfigurationPlatforms) = postSolution
		{7DFE9573-3A6E-2B39-F944-9FD97E4ADCB0}.Debug|Any CPU.ActiveCfg = Debug|Any CPU
		{7DFE9573-3A6E-2B39-F944-9FD97E4ADCB0}.Debug|Any CPU.Build.0 = Debug|Any CPU
		{7DFE9573-3A6E-2B39-F944-9FD97E4ADCB0}.Release|Any CPU.ActiveCfg = Release|Any CPU
		{7DFE9573-3A6E-2B39-F944-9FD97E4ADCB0}.Release|Any CPU.Build.0 = Release|Any CPU
		{8CDE6969-49F7-890F-A8A1-369A966CBBED}.Debug|Any CPU.ActiveCfg = Debug|Any CPU
		{8CDE6969-49F7-890F-A8A1-369A966CBBED}.Debug|Any CPU.Build.0 = Debug|Any CPU
		{8CDE6969-49F7-890F-A8A1-369A966CBBED}.Release|Any CPU.ActiveCfg = Release|Any CPU
		{8CDE6969-49F7-890F-A8A1-369A966CBBED}.Release|Any CPU.Build.0 = Release|Any CPU
	EndGlobalSection
	GlobalSection(SolutionProperties) = preSolution
		HideSolutionNode = FALSE
	EndGlobalSection
	GlobalSection(ExtensibilityGlobals) = postSolution
		SolutionGuid = {089BA5AF-6467-457B-BA37-442BEC8D9933}
	EndGlobalSection
EndGlobal
